<Solution>
  <Folder Name="/src/">
    <Project Path="src/EdmgStudio.Core/EdmgStudio.Core.csproj" />
  </Folder>
  <Folder Name="/tests/">
    <Project Path="tests/EdmgStudio.Core.Tests/EdmgStudio.Core.Tests.csproj" />
  </Folder>
  <Project Path="EdmgStudio.WinUI.csproj">
    <Platform Solution="Debug|*" Project="x64" />
    <Deploy Solution="Debug|*" />
  </Project>
</Solution>
